// !$*UTF8*$!
{
	archiveVersion = 1;
	classes = {
	};
	objectVersion = 56;
	objects = {

/* Begin PBXBuildFile section */
		B877F5EC2B19C8470064EF9F /* AZERApp.swift in Sources */ = {isa = PBXBuildFile; fileRef = B877F5EB2B19C8470064EF9F /* AZERApp.swift */; };
		B877F5F02B19C8480064EF9F /* Assets.xcassets in Resources */ = {isa = PBXBuildFile; fileRef = B877F5EF2B19C8480064EF9F /* Assets.xcassets */; };
		B877F5F32B19C8480064EF9F /* Preview Assets.xcassets in Resources */ = {isa = PBXBuildFile; fileRef = B877F5F22B19C8480064EF9F /* Preview Assets.xcassets */; };
		B877F5FB2B19C8E20064EF9F /* components.swift in Sources */ = {isa = PBXBuildFile; fileRef = B877F5FA2B19C8E20064EF9F /* components.swift */; };
		B877F5FD2B19C9060064EF9F /* constnts.swift in Sources */ = {isa = PBXBuildFile; fileRef = B877F5FC2B19C9060064EF9F /* constnts.swift */; };
		B877F6002B19C96B0064EF9F /* OnboardingScreen.swift in Sources */ = {isa = PBXBuildFile; fileRef = B877F5FF2B19C96B0064EF9F /* OnboardingScreen.swift */; };
		B877F6032B19C99C0064EF9F /* AlliesScreen.swift in Sources */ = {isa = PBXBuildFile; fileRef = B877F6022B19C99C0064EF9F /* AlliesScreen.swift */; };
		B877F6052B19C9BB0064EF9F /* MyMapScreen.swift in Sources */ = {isa = PBXBuildFile; fileRef = B877F6042B19C9BB0064EF9F /* MyMapScreen.swift */; };
		B877F6072B19C9D50064EF9F /* WorldScreen.swift in Sources */ = {isa = PBXBuildFile; fileRef = B877F6062B19C9D50064EF9F /* WorldScreen.swift */; };
		B877F6092B19C9FB0064EF9F /* MainTabbedView.swift in Sources */ = {isa = PBXBuildFile; fileRef = B877F6082B19C9FB0064EF9F /* MainTabbedView.swift */; };
		B877F60C2B19CA3B0064EF9F /* SplashScreen.swift in Sources */ = {isa = PBXBuildFile; fileRef = B877F60B2B19CA3B0064EF9F /* SplashScreen.swift */; };
		B877F60F2B19CB940064EF9F /* ForgotPasswordScreen.swift in Sources */ = {isa = PBXBuildFile; fileRef = B877F60E2B19CB940064EF9F /* ForgotPasswordScreen.swift */; };
		B877F6112B19CBAB0064EF9F /* LoginScreen.swift in Sources */ = {isa = PBXBuildFile; fileRef = B877F6102B19CBAB0064EF9F /* LoginScreen.swift */; };
		B877F6132B19CBCE0064EF9F /* SignUpScreen.swift in Sources */ = {isa = PBXBuildFile; fileRef = B877F6122B19CBCE0064EF9F /* SignUpScreen.swift */; };
		B88C1DE82B1F214C000DBAA6 /* SettingsScreen.swift in Sources */ = {isa = PBXBuildFile; fileRef = B88C1DE72B1F214C000DBAA6 /* SettingsScreen.swift */; };
		B8F886792B19D6BC00454479 /* Challenge.swift in Sources */ = {isa = PBXBuildFile; fileRef = B8F886782B19D6BC00454479 /* Challenge.swift */; };
/* End PBXBuildFile section */

/* Begin PBXFileReference section */
		B877F5E82B19C8470064EF9F /* AZER.app */ = {isa = PBXFileReference; explicitFileType = wrapper.application; includeInIndex = 0; path = AZER.app; sourceTree = BUILT_PRODUCTS_DIR; };
		B877F5EB2B19C8470064EF9F /* AZERApp.swift */ = {isa = PBXFileReference; lastKnownFileType = sourcecode.swift; path = AZERApp.swift; sourceTree = "<group>"; };
		B877F5EF2B19C8480064EF9F /* Assets.xcassets */ = {isa = PBXFileReference; lastKnownFileType = folder.assetcatalog; path = Assets.xcassets; sourceTree = "<group>"; };
		B877F5F22B19C8480064EF9F /* Preview Assets.xcassets */ = {isa = PBXFileReference; lastKnownFileType = folder.assetcatalog; path = "Preview Assets.xcassets"; sourceTree = "<group>"; };
		B877F5FA2B19C8E20064EF9F /* components.swift */ = {isa = PBXFileReference; lastKnownFileType = sourcecode.swift; path = components.swift; sourceTree = "<group>"; };
		B877F5FC2B19C9060064EF9F /* constnts.swift */ = {isa = PBXFileReference; lastKnownFileType = sourcecode.swift; path = constnts.swift; sourceTree = "<group>"; };
		B877F5FF2B19C96B0064EF9F /* OnboardingScreen.swift */ = {isa = PBXFileReference; lastKnownFileType = sourcecode.swift; path = OnboardingScreen.swift; sourceTree = "<group>"; };
		B877F6022B19C99C0064EF9F /* AlliesScreen.swift */ = {isa = PBXFileReference; lastKnownFileType = sourcecode.swift; path = AlliesScreen.swift; sourceTree = "<group>"; };
		B877F6042B19C9BB0064EF9F /* MyMapScreen.swift */ = {isa = PBXFileReference; lastKnownFileType = sourcecode.swift; path = MyMapScreen.swift; sourceTree = "<group>"; };
		B877F6062B19C9D50064EF9F /* WorldScreen.swift */ = {isa = PBXFileReference; lastKnownFileType = sourcecode.swift; path = WorldScreen.swift; sourceTree = "<group>"; };
		B877F6082B19C9FB0064EF9F /* MainTabbedView.swift */ = {isa = PBXFileReference; lastKnownFileType = sourcecode.swift; path = MainTabbedView.swift; sourceTree = "<group>"; };
		B877F60B2B19CA3B0064EF9F /* SplashScreen.swift */ = {isa = PBXFileReference; lastKnownFileType = sourcecode.swift; path = SplashScreen.swift; sourceTree = "<group>"; };
		B877F60E2B19CB940064EF9F /* ForgotPasswordScreen.swift */ = {isa = PBXFileReference; lastKnownFileType = sourcecode.swift; path = ForgotPasswordScreen.swift; sourceTree = "<group>"; };
		B877F6102B19CBAB0064EF9F /* LoginScreen.swift */ = {isa = PBXFileReference; lastKnownFileType = sourcecode.swift; path = LoginScreen.swift; sourceTree = "<group>"; };
		B877F6122B19CBCE0064EF9F /* SignUpScreen.swift */ = {isa = PBXFileReference; lastKnownFileType = sourcecode.swift; path = SignUpScreen.swift; sourceTree = "<group>"; };
		B88C1DE72B1F214C000DBAA6 /* SettingsScreen.swift */ = {isa = PBXFileReference; lastKnownFileType = sourcecode.swift; path = SettingsScreen.swift; sourceTree = "<group>"; };
		B8F886782B19D6BC00454479 /* Challenge.swift */ = {isa = PBXFileReference; lastKnownFileType = sourcecode.swift; path = Challenge.swift; sourceTree = "<group>"; };
/* End PBXFileReference section */

/* Begin PBXFrameworksBuildPhase section */
		B877F5E52B19C8470064EF9F /* Frameworks */ = {
			isa = PBXFrameworksBuildPhase;
			buildActionMask = 2147483647;
			files = (
			);
			runOnlyForDeploymentPostprocessing = 0;
		};
/* End PBXFrameworksBuildPhase section */

/* Begin PBXGroup section */
		B877F5DF2B19C8470064EF9F = {
			isa = PBXGroup;
			children = (
				B877F5EA2B19C8470064EF9F /* AZER */,
				B877F5E92B19C8470064EF9F /* Products */,
			);
			sourceTree = "<group>";
		};
		B877F5E92B19C8470064EF9F /* Products */ = {
			isa = PBXGroup;
			children = (
				B877F5E82B19C8470064EF9F /* AZER.app */,
			);
			name = Products;
			sourceTree = "<group>";
		};
		B877F5EA2B19C8470064EF9F /* AZER */ = {
			isa = PBXGroup;
			children = (
				B877F5FE2B19C9260064EF9F /* Views */,
				B877F5F92B19C8BE0064EF9F /* Controlles */,
				B877F5EB2B19C8470064EF9F /* AZERApp.swift */,
				B877F5EF2B19C8480064EF9F /* Assets.xcassets */,
				B877F5F12B19C8480064EF9F /* Preview Content */,
			);
			path = AZER;
			sourceTree = "<group>";
		};
		B877F5F12B19C8480064EF9F /* Preview Content */ = {
			isa = PBXGroup;
			children = (
				B877F5F22B19C8480064EF9F /* Preview Assets.xcassets */,
			);
			path = "Preview Content";
			sourceTree = "<group>";
		};
		B877F5F92B19C8BE0064EF9F /* Controlles */ = {
			isa = PBXGroup;
			children = (
				B877F5FA2B19C8E20064EF9F /* components.swift */,
				B877F5FC2B19C9060064EF9F /* constnts.swift */,
			);
			path = Controlles;
			sourceTree = "<group>";
		};
		B877F5FE2B19C9260064EF9F /* Views */ = {
			isa = PBXGroup;
			children = (
				B8F886772B19D68200454479 /* Screens */,
				B877F60D2B19CB820064EF9F /* Auth */,
				B877F60A2B19CA250064EF9F /* Splash & Onboarding  */,
				B877F6012B19C9830064EF9F /* Taps */,
			);
			path = Views;
			sourceTree = "<group>";
		};
		B877F6012B19C9830064EF9F /* Taps */ = {
			isa = PBXGroup;
			children = (
				B877F6022B19C99C0064EF9F /* AlliesScreen.swift */,
				B877F6042B19C9BB0064EF9F /* MyMapScreen.swift */,
				B877F6062B19C9D50064EF9F /* WorldScreen.swift */,
			);
			path = Taps;
			sourceTree = "<group>";
		};
		B877F60A2B19CA250064EF9F /* Splash & Onboarding  */ = {
			isa = PBXGroup;
			children = (
				B877F5FF2B19C96B0064EF9F /* OnboardingScreen.swift */,
				B877F60B2B19CA3B0064EF9F /* SplashScreen.swift */,
			);
			path = "Splash & Onboarding ";
			sourceTree = "<group>";
		};
		B877F60D2B19CB820064EF9F /* Auth */ = {
			isa = PBXGroup;
			children = (
				B877F60E2B19CB940064EF9F /* ForgotPasswordScreen.swift */,
				B877F6102B19CBAB0064EF9F /* LoginScreen.swift */,
				B877F6122B19CBCE0064EF9F /* SignUpScreen.swift */,
			);
			path = Auth;
			sourceTree = "<group>";
		};
		B8F886772B19D68200454479 /* Screens */ = {
			isa = PBXGroup;
			children = (
				B877F6082B19C9FB0064EF9F /* MainTabbedView.swift */,
				B8F886782B19D6BC00454479 /* Challenge.swift */,
				B88C1DE72B1F214C000DBAA6 /* SettingsScreen.swift */,
			);
			path = Screens;
			sourceTree = "<group>";
		};
/* End PBXGroup section */

/* Begin PBXNativeTarget section */
		B877F5E72B19C8470064EF9F /* AZER */ = {
			isa = PBXNativeTarget;
			buildConfigurationList = B877F5F62B19C8480064EF9F /* Build configuration list for PBXNativeTarget "AZER" */;
			buildPhases = (
				B877F5E42B19C8470064EF9F /* Sources */,
				B877F5E52B19C8470064EF9F /* Frameworks */,
				B877F5E62B19C8470064EF9F /* Resources */,
			);
			buildRules = (
			);
			dependencies = (
			);
			name = AZER;
			productName = AZER;
			productReference = B877F5E82B19C8470064EF9F /* AZER.app */;
			productType = "com.apple.product-type.application";
		};
/* End PBXNativeTarget section */

/* Begin PBXProject section */
		B877F5E02B19C8470064EF9F /* Project object */ = {
			isa = PBXProject;
			attributes = {
				BuildIndependentTargetsInParallel = 1;
				LastSwiftUpdateCheck = 1500;
				LastUpgradeCheck = 1500;
				TargetAttributes = {
					B877F5E72B19C8470064EF9F = {
						CreatedOnToolsVersion = 15.0;
					};
				};
			};
			buildConfigurationList = B877F5E32B19C8470064EF9F /* Build configuration list for PBXProject "AZER" */;
			compatibilityVersion = "Xcode 14.0";
			developmentRegion = en;
			hasScannedForEncodings = 0;
			knownRegions = (
				en,
				Base,
			);
			mainGroup = B877F5DF2B19C8470064EF9F;
			productRefGroup = B877F5E92B19C8470064EF9F /* Products */;
			projectDirPath = "";
			projectRoot = "";
			targets = (
				B877F5E72B19C8470064EF9F /* AZER */,
			);
		};
/* End PBXProject section */

/* Begin PBXResourcesBuildPhase section */
		B877F5E62B19C8470064EF9F /* Resources */ = {
			isa = PBXResourcesBuildPhase;
			buildActionMask = 2147483647;
			files = (
				B877F5F32B19C8480064EF9F /* Preview Assets.xcassets in Resources */,
				B877F5F02B19C8480064EF9F /* Assets.xcassets in Resources */,
			);
			runOnlyForDeploymentPostprocessing = 0;
		};
/* End PBXResourcesBuildPhase section */

/* Begin PBXSourcesBuildPhase section */
		B877F5E42B19C8470064EF9F /* Sources */ = {
			isa = PBXSourcesBuildPhase;
			buildActionMask = 2147483647;
			files = (
				B877F60C2B19CA3B0064EF9F /* SplashScreen.swift in Sources */,
				B8F886792B19D6BC00454479 /* Challenge.swift in Sources */,
				B877F60F2B19CB940064EF9F /* ForgotPasswordScreen.swift in Sources */,
				B877F6002B19C96B0064EF9F /* OnboardingScreen.swift in Sources */,
				B877F6052B19C9BB0064EF9F /* MyMapScreen.swift in Sources */,
				B877F5FD2B19C9060064EF9F /* constnts.swift in Sources */,
				B877F6072B19C9D50064EF9F /* WorldScreen.swift in Sources */,
				B877F6032B19C99C0064EF9F /* AlliesScreen.swift in Sources */,
				B88C1DE82B1F214C000DBAA6 /* SettingsScreen.swift in Sources */,
				B877F5EC2B19C8470064EF9F /* AZERApp.swift in Sources */,
				B877F5FB2B19C8E20064EF9F /* components.swift in Sources */,
				B877F6112B19CBAB0064EF9F /* LoginScreen.swift in Sources */,
				B877F6092B19C9FB0064EF9F /* MainTabbedView.swift in Sources */,
				B877F6132B19CBCE0064EF9F /* SignUpScreen.swift in Sources */,
			);
			runOnlyForDeploymentPostprocessing = 0;
		};
/* End PBXSourcesBuildPhase section */

/* Begin XCBuildConfiguration section */
		B877F5F42B19C8480064EF9F /* Debug */ = {
			isa = XCBuildConfiguration;
			buildSettings = {
				ALWAYS_SEARCH_USER_PATHS = NO;
				ASSETCATALOG_COMPILER_GENERATE_SWIFT_ASSET_SYMBOL_EXTENSIONS = YES;
				CLANG_ANALYZER_NONNULL = YES;
				CLANG_ANALYZER_NUMBER_OBJECT_CONVERSION = YES_AGGRESSIVE;
				CLANG_CXX_LANGUAGE_STANDARD = "gnu++20";
				CLANG_ENABLE_MODULES = YES;
				CLANG_ENABLE_OBJC_ARC = YES;
				CLANG_ENABLE_OBJC_WEAK = YES;
				CLANG_WARN_BLOCK_CAPTURE_AUTORELEASING = YES;
				CLANG_WARN_BOOL_CONVERSION = YES;
				CLANG_WARN_COMMA = YES;
				CLANG_WARN_CONSTANT_CONVERSION = YES;
				CLANG_WARN_DEPRECATED_OBJC_IMPLEMENTATIONS = YES;
				CLANG_WARN_DIRECT_OBJC_ISA_USAGE = YES_ERROR;
				CLANG_WARN_DOCUMENTATION_COMMENTS = YES;
				CLANG_WARN_EMPTY_BODY = YES;
				CLANG_WARN_ENUM_CONVERSION = YES;
				CLANG_WARN_INFINITE_RECURSION = YES;
				CLANG_WARN_INT_CONVERSION = YES;
				CLANG_WARN_NON_LITERAL_NULL_CONVERSION = YES;
				CLANG_WARN_OBJC_IMPLICIT_RETAIN_SELF = YES;
				CLANG_WARN_OBJC_LITERAL_CONVERSION = YES;
				CLANG_WARN_OBJC_ROOT_CLASS = YES_ERROR;
				CLANG_WARN_QUOTED_INCLUDE_IN_FRAMEWORK_HEADER = YES;
				CLANG_WARN_RANGE_LOOP_ANALYSIS = YES;
				CLANG_WARN_STRICT_PROTOTYPES = YES;
				CLANG_WARN_SUSPICIOUS_MOVE = YES;
				CLANG_WARN_UNGUARDED_AVAILABILITY = YES_AGGRESSIVE;
				CLANG_WARN_UNREACHABLE_CODE = YES;
				CLANG_WARN__DUPLICATE_METHOD_MATCH = YES;
				COPY_PHASE_STRIP = NO;
				DEBUG_INFORMATION_FORMAT = dwarf;
				ENABLE_STRICT_OBJC_MSGSEND = YES;
				ENABLE_TESTABILITY = YES;
				ENABLE_USER_SCRIPT_SANDBOXING = YES;
				GCC_C_LANGUAGE_STANDARD = gnu17;
				GCC_DYNAMIC_NO_PIC = NO;
				GCC_NO_COMMON_BLOCKS = YES;
				GCC_OPTIMIZATION_LEVEL = 0;
				GCC_PREPROCESSOR_DEFINITIONS = (
					"DEBUG=1",
					"$(inherited)",
				);
				GCC_WARN_64_TO_32_BIT_CONVERSION = YES;
				GCC_WARN_ABOUT_RETURN_TYPE = YES_ERROR;
				GCC_WARN_UNDECLARED_SELECTOR = YES;
				GCC_WARN_UNINITIALIZED_AUTOS = YES_AGGRESSIVE;
				GCC_WARN_UNUSED_FUNCTION = YES;
				GCC_WARN_UNUSED_VARIABLE = YES;
				IPHONEOS_DEPLOYMENT_TARGET = 17.0;
				LOCALIZATION_PREFERS_STRING_CATALOGS = YES;
				MTL_ENABLE_DEBUG_INFO = INCLUDE_SOURCE;
				MTL_FAST_MATH = YES;
				ONLY_ACTIVE_ARCH = YES;
				SDKROOT = iphoneos;
				SWIFT_ACTIVE_COMPILATION_CONDITIONS = "DEBUG $(inherited)";
				SWIFT_OPTIMIZATION_LEVEL = "-Onone";
			};
			name = Debug;
		};
		B877F5F52B19C8480064EF9F /* Release */ = {
			isa = XCBuildConfiguration;
			buildSettings = {
				ALWAYS_SEARCH_USER_PATHS = NO;
				ASSETCATALOG_COMPILER_GENERATE_SWIFT_ASSET_SYMBOL_EXTENSIONS = YES;
				CLANG_ANALYZER_NONNULL = YES;
				CLANG_ANALYZER_NUMBER_OBJECT_CONVERSION = YES_AGGRESSIVE;
				CLANG_CXX_LANGUAGE_STANDARD = "gnu++20";
				CLANG_ENABLE_MODULES = YES;
				CLANG_ENABLE_OBJC_ARC = YES;
				CLANG_ENABLE_OBJC_WEAK = YES;
				CLANG_WARN_BLOCK_CAPTURE_AUTORELEASING = YES;
				CLANG_WARN_BOOL_CONVERSION = YES;
				CLANG_WARN_COMMA = YES;
				CLANG_WARN_CONSTANT_CONVERSION = YES;
				CLANG_WARN_DEPRECATED_OBJC_IMPLEMENTATIONS = YES;
				CLANG_WARN_DIRECT_OBJC_ISA_USAGE = YES_ERROR;
				CLANG_WARN_DOCUMENTATION_COMMENTS = YES;
				CLANG_WARN_EMPTY_BODY = YES;
				CLANG_WARN_ENUM_CONVERSION = YES;
				CLANG_WARN_INFINITE_RECURSION = YES;
				CLANG_WARN_INT_CONVERSION = YES;
				CLANG_WARN_NON_LITERAL_NULL_CONVERSION = YES;
				CLANG_WARN_OBJC_IMPLICIT_RETAIN_SELF = YES;
				CLANG_WARN_OBJC_LITERAL_CONVERSION = YES;
				CLANG_WARN_OBJC_ROOT_CLASS = YES_ERROR;
				CLANG_WARN_QUOTED_INCLUDE_IN_FRAMEWORK_HEADER = YES;
				CLANG_WARN_RANGE_LOOP_ANALYSIS = YES;
				CLANG_WARN_STRICT_PROTOTYPES = YES;
				CLANG_WARN_SUSPICIOUS_MOVE = YES;
				CLANG_WARN_UNGUARDED_AVAILABILITY = YES_AGGRESSIVE;
				CLANG_WARN_UNREACHABLE_CODE = YES;
				CLANG_WARN__DUPLICATE_METHOD_MATCH = YES;
				COPY_PHASE_STRIP = NO;
				DEBUG_INFORMATION_FORMAT = "dwarf-with-dsym";
				ENABLE_NS_ASSERTIONS = NO;
				ENABLE_STRICT_OBJC_MSGSEND = YES;
				ENABLE_USER_SCRIPT_SANDBOXING = YES;
				GCC_C_LANGUAGE_STANDARD = gnu17;
				GCC_NO_COMMON_BLOCKS = YES;
				GCC_WARN_64_TO_32_BIT_CONVERSION = YES;
				GCC_WARN_ABOUT_RETURN_TYPE = YES_ERROR;
				GCC_WARN_UNDECLARED_SELECTOR = YES;
				GCC_WARN_UNINITIALIZED_AUTOS = YES_AGGRESSIVE;
				GCC_WARN_UNUSED_FUNCTION = YES;
				GCC_WARN_UNUSED_VARIABLE = YES;
				IPHONEOS_DEPLOYMENT_TARGET = 17.0;
				LOCALIZATION_PREFERS_STRING_CATALOGS = YES;
				MTL_ENABLE_DEBUG_INFO = NO;
				MTL_FAST_MATH = YES;
				SDKROOT = iphoneos;
				SWIFT_COMPILATION_MODE = wholemodule;
				VALIDATE_PRODUCT = YES;
			};
			name = Release;
		};
		B877F5F72B19C8480064EF9F /* Debug */ = {
			isa = XCBuildConfiguration;
			buildSettings = {
				ASSETCATALOG_COMPILER_APPICON_NAME = AppIcon;
				ASSETCATALOG_COMPILER_GLOBAL_ACCENT_COLOR_NAME = AccentColor;
				CODE_SIGN_STYLE = Automatic;
				CURRENT_PROJECT_VERSION = 1;
				DEVELOPMENT_ASSET_PATHS = "\"AZER/Preview Content\"";
				ENABLE_PREVIEWS = YES;
				GENERATE_INFOPLIST_FILE = YES;
				INFOPLIST_KEY_UIApplicationSceneManifest_Generation = YES;
				INFOPLIST_KEY_UIApplicationSupportsIndirectInputEvents = YES;
				INFOPLIST_KEY_UILaunchScreen_Generation = YES;
				INFOPLIST_KEY_UISupportedInterfaceOrientations_iPad = "UIInterfaceOrientationPortrait UIInterfaceOrientationPortraitUpsideDown UIInterfaceOrientationLandscapeLeft UIInterfaceOrientationLandscapeRight";
				INFOPLIST_KEY_UISupportedInterfaceOrientations_iPhone = "UIInterfaceOrientationPortrait UIInterfaceOrientationLandscapeLeft UIInterfaceOrientationLandscapeRight";
				LD_RUNPATH_SEARCH_PATHS = (
					"$(inherited)",
					"@executable_path/Frameworks",
				);
				MARKETING_VERSION = 1.0;
				PRODUCT_BUNDLE_IDENTIFIER = none.AZER;
				PRODUCT_NAME = "$(TARGET_NAME)";
				SWIFT_EMIT_LOC_STRINGS = YES;
				SWIFT_VERSION = 5.0;
				TARGETED_DEVICE_FAMILY = "1,2";
			};
			name = Debug;
		};
		B877F5F82B19C8480064EF9F /* Release */ = {
			isa = XCBuildConfiguration;
			buildSettings = {
				ASSETCATALOG_COMPILER_APPICON_NAME = AppIcon;
				ASSETCATALOG_COMPILER_GLOBAL_ACCENT_COLOR_NAME = AccentColor;
				CODE_SIGN_STYLE = Automatic;
				CURRENT_PROJECT_VERSION = 1;
				DEVELOPMENT_ASSET_PATHS = "\"AZER/Preview Content\"";
				ENABLE_PREVIEWS = YES;
				GENERATE_INFOPLIST_FILE = YES;
				INFOPLIST_KEY_UIApplicationSceneManifest_Generation = YES;
				INFOPLIST_KEY_UIApplicationSupportsIndirectInputEvents = YES;
				INFOPLIST_KEY_UILaunchScreen_Generation = YES;
				INFOPLIST_KEY_UISupportedInterfaceOrientations_iPad = "UIInterfaceOrientationPortrait UIInterfaceOrientationPortraitUpsideDown UIInterfaceOrientationLandscapeLeft UIInterfaceOrientationLandscapeRight";
				INFOPLIST_KEY_UISupportedInterfaceOrientations_iPhone = "UIInterfaceOrientationPortrait UIInterfaceOrientationLandscapeLeft UIInterfaceOrientationLandscapeRight";
				LD_RUNPATH_SEARCH_PATHS = (
					"$(inherited)",
					"@executable_path/Frameworks",
				);
				MARKETING_VERSION = 1.0;
				PRODUCT_BUNDLE_IDENTIFIER = none.AZER;
				PRODUCT_NAME = "$(TARGET_NAME)";
				SWIFT_EMIT_LOC_STRINGS = YES;
				SWIFT_VERSION = 5.0;
				TARGETED_DEVICE_FAMILY = "1,2";
			};
			name = Release;
		};
/* End XCBuildConfiguration section */

/* Begin XCConfigurationList section */
		B877F5E32B19C8470064EF9F /* Build configuration list for PBXProject "AZER" */ = {
			isa = XCConfigurationList;
			buildConfigurations = (
				B877F5F42B19C8480064EF9F /* Debug */,
				B877F5F52B19C8480064EF9F /* Release */,
			);
			defaultConfigurationIsVisible = 0;
			defaultConfigurationName = Release;
		};
		B877F5F62B19C8480064EF9F /* Build configuration list for PBXNativeTarget "AZER" */ = {
			isa = XCConfigurationList;
			buildConfigurations = (
				B877F5F72B19C8480064EF9F /* Debug */,
				B877F5F82B19C8480064EF9F /* Release */,
			);
			defaultConfigurationIsVisible = 0;
			defaultConfigurationName = Release;
		};
/* End XCConfigurationList section */
	};
	rootObject = B877F5E02B19C8470064EF9F /* Project object */;
}
