// !$*UTF8*$!
{
	archiveVersion = 1;
	classes = {
	};
	objectVersion = 56;
	objects = {

/* Begin PBXBuildFile section */
		72BB55F32B15EA9D003B5169 /* Challenge.swift in Sources */ = {isa = PBXBuildFile; fileRef = 72BB55F22B15EA9D003B5169 /* Challenge.swift */; };
		72BB55F52B15EE9E003B5169 /* test.swift in Sources */ = {isa = PBXBuildFile; fileRef = 72BB55F42B15EE9E003B5169 /* test.swift */; };
		72BB55F72B167DDE003B5169 /* Challenge2.swift in Sources */ = {isa = PBXBuildFile; fileRef = 72BB55F62B167DDE003B5169 /* Challenge2.swift */; };
		72BB55FB2B16803A003B5169 /* challenge3.swift in Sources */ = {isa = PBXBuildFile; fileRef = 72BB55FA2B16803A003B5169 /* challenge3.swift */; };
		72BB55FD2B168177003B5169 /* challenge4.swift in Sources */ = {isa = PBXBuildFile; fileRef = 72BB55FC2B168177003B5169 /* challenge4.swift */; };
		72BB55FF2B168236003B5169 /* challenge5.swift in Sources */ = {isa = PBXBuildFile; fileRef = 72BB55FE2B168236003B5169 /* challenge5.swift */; };
		72BB56012B1683A1003B5169 /* passed.swift in Sources */ = {isa = PBXBuildFile; fileRef = 72BB56002B1683A1003B5169 /* passed.swift */; };
		B81B82472B0BE87700FB110F /* OnboardingScreen.swift in Sources */ = {isa = PBXBuildFile; fileRef = B81B82462B0BE87700FB110F /* OnboardingScreen.swift */; };
		B81B824A2B0BEDF600FB110F /* constnts.swift in Sources */ = {isa = PBXBuildFile; fileRef = B81B82492B0BEDF600FB110F /* constnts.swift */; };
		B81B824E2B0CAFAF00FB110F /* LoginScreen.swift in Sources */ = {isa = PBXBuildFile; fileRef = B81B824D2B0CAFAF00FB110F /* LoginScreen.swift */; };
		B8B244B72B0B4FB00059BB00 /* SplashScreen.swift in Sources */ = {isa = PBXBuildFile; fileRef = B8B244B62B0B4FB00059BB00 /* SplashScreen.swift */; };
		B8B244BA2B0B50890059BB00 /* SplashScreen-Launch.storyboard in Resources */ = {isa = PBXBuildFile; fileRef = B8B244B92B0B50890059BB00 /* SplashScreen-Launch.storyboard */; };
		B8B244BC2B0B50B80059BB00 /* WorldScreen.swift in Sources */ = {isa = PBXBuildFile; fileRef = B8B244BB2B0B50B80059BB00 /* WorldScreen.swift */; };
		B8D70D1E2B124E0200504CC9 /* components.swift in Sources */ = {isa = PBXBuildFile; fileRef = B8D70D1D2B124E0200504CC9 /* components.swift */; };
		B8E78D9E2B09EA5F00C9DACB /* AzerApp.swift in Sources */ = {isa = PBXBuildFile; fileRef = B8E78D9D2B09EA5F00C9DACB /* AzerApp.swift */; };
		B8E78DA22B09EA6000C9DACB /* Assets.xcassets in Resources */ = {isa = PBXBuildFile; fileRef = B8E78DA12B09EA6000C9DACB /* Assets.xcassets */; };
		B8E78DA52B09EA6000C9DACB /* Preview Assets.xcassets in Resources */ = {isa = PBXBuildFile; fileRef = B8E78DA42B09EA6000C9DACB /* Preview Assets.xcassets */; };
/* End PBXBuildFile section */

/* Begin PBXFileReference section */
		72BB55F22B15EA9D003B5169 /* Challenge.swift */ = {isa = PBXFileReference; lastKnownFileType = sourcecode.swift; path = Challenge.swift; sourceTree = "<group>"; };
		72BB55F42B15EE9E003B5169 /* test.swift */ = {isa = PBXFileReference; lastKnownFileType = sourcecode.swift; path = test.swift; sourceTree = "<group>"; };
		72BB55F62B167DDE003B5169 /* Challenge2.swift */ = {isa = PBXFileReference; lastKnownFileType = sourcecode.swift; path = Challenge2.swift; sourceTree = "<group>"; };
		72BB55FA2B16803A003B5169 /* challenge3.swift */ = {isa = PBXFileReference; lastKnownFileType = sourcecode.swift; path = challenge3.swift; sourceTree = "<group>"; };
		72BB55FC2B168177003B5169 /* challenge4.swift */ = {isa = PBXFileReference; lastKnownFileType = sourcecode.swift; path = challenge4.swift; sourceTree = "<group>"; };
		72BB55FE2B168236003B5169 /* challenge5.swift */ = {isa = PBXFileReference; lastKnownFileType = sourcecode.swift; path = challenge5.swift; sourceTree = "<group>"; };
		72BB56002B1683A1003B5169 /* passed.swift */ = {isa = PBXFileReference; lastKnownFileType = sourcecode.swift; path = passed.swift; sourceTree = "<group>"; };
		B81B82462B0BE87700FB110F /* OnboardingScreen.swift */ = {isa = PBXFileReference; lastKnownFileType = sourcecode.swift; path = OnboardingScreen.swift; sourceTree = "<group>"; };
		B81B82492B0BEDF600FB110F /* constnts.swift */ = {isa = PBXFileReference; lastKnownFileType = sourcecode.swift; path = constnts.swift; sourceTree = "<group>"; };
		B81B824D2B0CAFAF00FB110F /* LoginScreen.swift */ = {isa = PBXFileReference; lastKnownFileType = sourcecode.swift; path = LoginScreen.swift; sourceTree = "<group>"; };
		B8B244B62B0B4FB00059BB00 /* SplashScreen.swift */ = {isa = PBXFileReference; lastKnownFileType = sourcecode.swift; path = SplashScreen.swift; sourceTree = "<group>"; };
		B8B244B92B0B50890059BB00 /* SplashScreen-Launch.storyboard */ = {isa = PBXFileReference; lastKnownFileType = file.storyboard; path = "SplashScreen-Launch.storyboard"; sourceTree = "<group>"; };
		B8B244BB2B0B50B80059BB00 /* WorldScreen.swift */ = {isa = PBXFileReference; lastKnownFileType = sourcecode.swift; path = WorldScreen.swift; sourceTree = "<group>"; };
		B8D70D1D2B124E0200504CC9 /* components.swift */ = {isa = PBXFileReference; lastKnownFileType = sourcecode.swift; path = components.swift; sourceTree = "<group>"; };
		B8E78D9A2B09EA5F00C9DACB /* Azer.app */ = {isa = PBXFileReference; explicitFileType = wrapper.application; includeInIndex = 0; path = Azer.app; sourceTree = BUILT_PRODUCTS_DIR; };
		B8E78D9D2B09EA5F00C9DACB /* AzerApp.swift */ = {isa = PBXFileReference; lastKnownFileType = sourcecode.swift; path = AzerApp.swift; sourceTree = "<group>"; };
		B8E78DA12B09EA6000C9DACB /* Assets.xcassets */ = {isa = PBXFileReference; lastKnownFileType = folder.assetcatalog; path = Assets.xcassets; sourceTree = "<group>"; };
		B8E78DA42B09EA6000C9DACB /* Preview Assets.xcassets */ = {isa = PBXFileReference; lastKnownFileType = folder.assetcatalog; path = "Preview Assets.xcassets"; sourceTree = "<group>"; };
/* End PBXFileReference section */

/* Begin PBXFrameworksBuildPhase section */
		B8E78D972B09EA5F00C9DACB /* Frameworks */ = {
			isa = PBXFrameworksBuildPhase;
			buildActionMask = 2147483647;
			files = (
			);
			runOnlyForDeploymentPostprocessing = 0;
		};
/* End PBXFrameworksBuildPhase section */

/* Begin PBXGroup section */
		B81B82482B0BEDC900FB110F /* Controllers  */ = {
			isa = PBXGroup;
			children = (
				B81B82492B0BEDF600FB110F /* constnts.swift */,
				B8D70D1D2B124E0200504CC9 /* components.swift */,
			);
			path = "Controllers ";
			sourceTree = "<group>";
		};
		B8B244B82B0B50550059BB00 /* Views */ = {
			isa = PBXGroup;
			children = (
				B8D70D1C2B124CBB00504CC9 /* Auth */,
				B8B244BD2B0B5A400059BB00 /* Splash Screen */,
				B8B244BB2B0B50B80059BB00 /* WorldScreen.swift */,
				B81B82462B0BE87700FB110F /* OnboardingScreen.swift */,
				72BB55F22B15EA9D003B5169 /* Challenge.swift */,
				72BB55F62B167DDE003B5169 /* Challenge2.swift */,
				72BB55FA2B16803A003B5169 /* challenge3.swift */,
				72BB55FC2B168177003B5169 /* challenge4.swift */,
				72BB55FE2B168236003B5169 /* challenge5.swift */,
				72BB56002B1683A1003B5169 /* passed.swift */,
				72BB55F42B15EE9E003B5169 /* test.swift */,
			);
			path = Views;
			sourceTree = "<group>";
		};
		B8B244BD2B0B5A400059BB00 /* Splash Screen */ = {
			isa = PBXGroup;
			children = (
				B8B244B62B0B4FB00059BB00 /* SplashScreen.swift */,
				B8B244B92B0B50890059BB00 /* SplashScreen-Launch.storyboard */,
			);
			path = "Splash Screen";
			sourceTree = "<group>";
		};
		B8D70D1C2B124CBB00504CC9 /* Auth */ = {
			isa = PBXGroup;
			children = (
				B81B824D2B0CAFAF00FB110F /* LoginScreen.swift */,
			);
			path = Auth;
			sourceTree = "<group>";
		};
		B8E78D912B09EA5F00C9DACB = {
			isa = PBXGroup;
			children = (
				B8E78D9C2B09EA5F00C9DACB /* Azer */,
				B8E78D9B2B09EA5F00C9DACB /* Products */,
			);
			sourceTree = "<group>";
		};
		B8E78D9B2B09EA5F00C9DACB /* Products */ = {
			isa = PBXGroup;
			children = (
				B8E78D9A2B09EA5F00C9DACB /* Azer.app */,
			);
			name = Products;
			sourceTree = "<group>";
		};
		B8E78D9C2B09EA5F00C9DACB /* Azer */ = {
			isa = PBXGroup;
			children = (
				B81B82482B0BEDC900FB110F /* Controllers  */,
				B8E78D9D2B09EA5F00C9DACB /* AzerApp.swift */,
				B8B244B82B0B50550059BB00 /* Views */,
				B8E78DA12B09EA6000C9DACB /* Assets.xcassets */,
				B8E78DA32B09EA6000C9DACB /* Preview Content */,
			);
			path = Azer;
			sourceTree = "<group>";
		};
		B8E78DA32B09EA6000C9DACB /* Preview Content */ = {
			isa = PBXGroup;
			children = (
				B8E78DA42B09EA6000C9DACB /* Preview Assets.xcassets */,
			);
			path = "Preview Content";
			sourceTree = "<group>";
		};
/* End PBXGroup section */

/* Begin PBXNativeTarget section */
		B8E78D992B09EA5F00C9DACB /* Azer */ = {
			isa = PBXNativeTarget;
			buildConfigurationList = B8E78DA82B09EA6000C9DACB /* Build configuration list for PBXNativeTarget "Azer" */;
			buildPhases = (
				B8E78D962B09EA5F00C9DACB /* Sources */,
				B8E78D972B09EA5F00C9DACB /* Frameworks */,
				B8E78D982B09EA5F00C9DACB /* Resources */,
			);
			buildRules = (
			);
			dependencies = (
			);
			name = Azer;
			productName = Azer;
			productReference = B8E78D9A2B09EA5F00C9DACB /* Azer.app */;
			productType = "com.apple.product-type.application";
		};
/* End PBXNativeTarget section */

/* Begin PBXProject section */
		B8E78D922B09EA5F00C9DACB /* Project object */ = {
			isa = PBXProject;
			attributes = {
				BuildIndependentTargetsInParallel = 1;
				LastSwiftUpdateCheck = 1500;
				LastUpgradeCheck = 1500;
				TargetAttributes = {
					B8E78D992B09EA5F00C9DACB = {
						CreatedOnToolsVersion = 15.0;
					};
				};
			};
			buildConfigurationList = B8E78D952B09EA5F00C9DACB /* Build configuration list for PBXProject "Azer" */;
			compatibilityVersion = "Xcode 14.0";
			developmentRegion = en;
			hasScannedForEncodings = 0;
			knownRegions = (
				en,
				Base,
			);
			mainGroup = B8E78D912B09EA5F00C9DACB;
			productRefGroup = B8E78D9B2B09EA5F00C9DACB /* Products */;
			projectDirPath = "";
			projectRoot = "";
			targets = (
				B8E78D992B09EA5F00C9DACB /* Azer */,
			);
		};
/* End PBXProject section */

/* Begin PBXResourcesBuildPhase section */
		B8E78D982B09EA5F00C9DACB /* Resources */ = {
			isa = PBXResourcesBuildPhase;
			buildActionMask = 2147483647;
			files = (
				B8E78DA52B09EA6000C9DACB /* Preview Assets.xcassets in Resources */,
				B8E78DA22B09EA6000C9DACB /* Assets.xcassets in Resources */,
				B8B244BA2B0B50890059BB00 /* SplashScreen-Launch.storyboard in Resources */,
			);
			runOnlyForDeploymentPostprocessing = 0;
		};
/* End PBXResourcesBuildPhase section */

/* Begin PBXSourcesBuildPhase section */
		B8E78D962B09EA5F00C9DACB /* Sources */ = {
			isa = PBXSourcesBuildPhase;
			buildActionMask = 2147483647;
			files = (
				B8D70D1E2B124E0200504CC9 /* components.swift in Sources */,
				B81B82472B0BE87700FB110F /* OnboardingScreen.swift in Sources */,
				72BB55FD2B168177003B5169 /* challenge4.swift in Sources */,
				72BB56012B1683A1003B5169 /* passed.swift in Sources */,
				B81B824A2B0BEDF600FB110F /* constnts.swift in Sources */,
				72BB55FF2B168236003B5169 /* challenge5.swift in Sources */,
				B8B244BC2B0B50B80059BB00 /* WorldScreen.swift in Sources */,
				72BB55FB2B16803A003B5169 /* challenge3.swift in Sources */,
				72BB55F52B15EE9E003B5169 /* test.swift in Sources */,
				B8B244B72B0B4FB00059BB00 /* SplashScreen.swift in Sources */,
				B8E78D9E2B09EA5F00C9DACB /* AzerApp.swift in Sources */,
				B81B824E2B0CAFAF00FB110F /* LoginScreen.swift in Sources */,
				72BB55F72B167DDE003B5169 /* Challenge2.swift in Sources */,
				72BB55F32B15EA9D003B5169 /* Challenge.swift in Sources */,
			);
			runOnlyForDeploymentPostprocessing = 0;
		};
/* End PBXSourcesBuildPhase section */

/* Begin XCBuildConfiguration section */
		B8E78DA62B09EA6000C9DACB /* Debug */ = {
			isa = XCBuildConfiguration;
			buildSettings = {
				ALWAYS_SEARCH_USER_PATHS = NO;
				ASSETCATALOG_COMPILER_GENERATE_SWIFT_ASSET_SYMBOL_EXTENSIONS = YES;
				CLANG_ANALYZER_NONNULL = YES;
				CLANG_ANALYZER_NUMBER_OBJECT_CONVERSION = YES_AGGRESSIVE;
				CLANG_CXX_LANGUAGE_STANDARD = "gnu++20";
				CLANG_ENABLE_MODULES = YES;
				CLANG_ENABLE_OBJC_ARC = YES;
				CLANG_ENABLE_OBJC_WEAK = YES;
				CLANG_WARN_BLOCK_CAPTURE_AUTORELEASING = YES;
				CLANG_WARN_BOOL_CONVERSION = YES;
				CLANG_WARN_COMMA = YES;
				CLANG_WARN_CONSTANT_CONVERSION = YES;
				CLANG_WARN_DEPRECATED_OBJC_IMPLEMENTATIONS = YES;
				CLANG_WARN_DIRECT_OBJC_ISA_USAGE = YES_ERROR;
				CLANG_WARN_DOCUMENTATION_COMMENTS = YES;
				CLANG_WARN_EMPTY_BODY = YES;
				CLANG_WARN_ENUM_CONVERSION = YES;
				CLANG_WARN_INFINITE_RECURSION = YES;
				CLANG_WARN_INT_CONVERSION = YES;
				CLANG_WARN_NON_LITERAL_NULL_CONVERSION = YES;
				CLANG_WARN_OBJC_IMPLICIT_RETAIN_SELF = YES;
				CLANG_WARN_OBJC_LITERAL_CONVERSION = YES;
				CLANG_WARN_OBJC_ROOT_CLASS = YES_ERROR;
				CLANG_WARN_QUOTED_INCLUDE_IN_FRAMEWORK_HEADER = YES;
				CLANG_WARN_RANGE_LOOP_ANALYSIS = YES;
				CLANG_WARN_STRICT_PROTOTYPES = YES;
				CLANG_WARN_SUSPICIOUS_MOVE = YES;
				CLANG_WARN_UNGUARDED_AVAILABILITY = YES_AGGRESSIVE;
				CLANG_WARN_UNREACHABLE_CODE = YES;
				CLANG_WARN__DUPLICATE_METHOD_MATCH = YES;
				COPY_PHASE_STRIP = NO;
				DEBUG_INFORMATION_FORMAT = dwarf;
				ENABLE_STRICT_OBJC_MSGSEND = YES;
				ENABLE_TESTABILITY = YES;
				ENABLE_USER_SCRIPT_SANDBOXING = YES;
				GCC_C_LANGUAGE_STANDARD = gnu17;
				GCC_DYNAMIC_NO_PIC = NO;
				GCC_NO_COMMON_BLOCKS = YES;
				GCC_OPTIMIZATION_LEVEL = 0;
				GCC_PREPROCESSOR_DEFINITIONS = (
					"DEBUG=1",
					"$(inherited)",
				);
				GCC_WARN_64_TO_32_BIT_CONVERSION = YES;
				GCC_WARN_ABOUT_RETURN_TYPE = YES_ERROR;
				GCC_WARN_UNDECLARED_SELECTOR = YES;
				GCC_WARN_UNINITIALIZED_AUTOS = YES_AGGRESSIVE;
				GCC_WARN_UNUSED_FUNCTION = YES;
				GCC_WARN_UNUSED_VARIABLE = YES;
				IPHONEOS_DEPLOYMENT_TARGET = 17.0;
				LOCALIZATION_PREFERS_STRING_CATALOGS = YES;
				MTL_ENABLE_DEBUG_INFO = INCLUDE_SOURCE;
				MTL_FAST_MATH = YES;
				ONLY_ACTIVE_ARCH = YES;
				SDKROOT = iphoneos;
				SWIFT_ACTIVE_COMPILATION_CONDITIONS = "DEBUG $(inherited)";
				SWIFT_OPTIMIZATION_LEVEL = "-Onone";
			};
			name = Debug;
		};
		B8E78DA72B09EA6000C9DACB /* Release */ = {
			isa = XCBuildConfiguration;
			buildSettings = {
				ALWAYS_SEARCH_USER_PATHS = NO;
				ASSETCATALOG_COMPILER_GENERATE_SWIFT_ASSET_SYMBOL_EXTENSIONS = YES;
				CLANG_ANALYZER_NONNULL = YES;
				CLANG_ANALYZER_NUMBER_OBJECT_CONVERSION = YES_AGGRESSIVE;
				CLANG_CXX_LANGUAGE_STANDARD = "gnu++20";
				CLANG_ENABLE_MODULES = YES;
				CLANG_ENABLE_OBJC_ARC = YES;
				CLANG_ENABLE_OBJC_WEAK = YES;
				CLANG_WARN_BLOCK_CAPTURE_AUTORELEASING = YES;
				CLANG_WARN_BOOL_CONVERSION = YES;
				CLANG_WARN_COMMA = YES;
				CLANG_WARN_CONSTANT_CONVERSION = YES;
				CLANG_WARN_DEPRECATED_OBJC_IMPLEMENTATIONS = YES;
				CLANG_WARN_DIRECT_OBJC_ISA_USAGE = YES_ERROR;
				CLANG_WARN_DOCUMENTATION_COMMENTS = YES;
				CLANG_WARN_EMPTY_BODY = YES;
				CLANG_WARN_ENUM_CONVERSION = YES;
				CLANG_WARN_INFINITE_RECURSION = YES;
				CLANG_WARN_INT_CONVERSION = YES;
				CLANG_WARN_NON_LITERAL_NULL_CONVERSION = YES;
				CLANG_WARN_OBJC_IMPLICIT_RETAIN_SELF = YES;
				CLANG_WARN_OBJC_LITERAL_CONVERSION = YES;
				CLANG_WARN_OBJC_ROOT_CLASS = YES_ERROR;
				CLANG_WARN_QUOTED_INCLUDE_IN_FRAMEWORK_HEADER = YES;
				CLANG_WARN_RANGE_LOOP_ANALYSIS = YES;
				CLANG_WARN_STRICT_PROTOTYPES = YES;
				CLANG_WARN_SUSPICIOUS_MOVE = YES;
				CLANG_WARN_UNGUARDED_AVAILABILITY = YES_AGGRESSIVE;
				CLANG_WARN_UNREACHABLE_CODE = YES;
				CLANG_WARN__DUPLICATE_METHOD_MATCH = YES;
				COPY_PHASE_STRIP = NO;
				DEBUG_INFORMATION_FORMAT = "dwarf-with-dsym";
				ENABLE_NS_ASSERTIONS = NO;
				ENABLE_STRICT_OBJC_MSGSEND = YES;
				ENABLE_USER_SCRIPT_SANDBOXING = YES;
				GCC_C_LANGUAGE_STANDARD = gnu17;
				GCC_NO_COMMON_BLOCKS = YES;
				GCC_WARN_64_TO_32_BIT_CONVERSION = YES;
				GCC_WARN_ABOUT_RETURN_TYPE = YES_ERROR;
				GCC_WARN_UNDECLARED_SELECTOR = YES;
				GCC_WARN_UNINITIALIZED_AUTOS = YES_AGGRESSIVE;
				GCC_WARN_UNUSED_FUNCTION = YES;
				GCC_WARN_UNUSED_VARIABLE = YES;
				IPHONEOS_DEPLOYMENT_TARGET = 17.0;
				LOCALIZATION_PREFERS_STRING_CATALOGS = YES;
				MTL_ENABLE_DEBUG_INFO = NO;
				MTL_FAST_MATH = YES;
				SDKROOT = iphoneos;
				SWIFT_COMPILATION_MODE = wholemodule;
				VALIDATE_PRODUCT = YES;
			};
			name = Release;
		};
		B8E78DA92B09EA6000C9DACB /* Debug */ = {
			isa = XCBuildConfiguration;
			buildSettings = {
				ASSETCATALOG_COMPILER_APPICON_NAME = AppIcon;
				ASSETCATALOG_COMPILER_GLOBAL_ACCENT_COLOR_NAME = AccentColor;
				CODE_SIGN_STYLE = Automatic;
				CURRENT_PROJECT_VERSION = 1;
				DEVELOPMENT_ASSET_PATHS = "\"Azer/Preview Content\"";
				ENABLE_PREVIEWS = YES;
				GENERATE_INFOPLIST_FILE = YES;
				INFOPLIST_KEY_UIApplicationSceneManifest_Generation = YES;
				INFOPLIST_KEY_UIApplicationSupportsIndirectInputEvents = YES;
				INFOPLIST_KEY_UILaunchScreen_Generation = YES;
				INFOPLIST_KEY_UISupportedInterfaceOrientations_iPad = "UIInterfaceOrientationPortrait UIInterfaceOrientationPortraitUpsideDown UIInterfaceOrientationLandscapeLeft UIInterfaceOrientationLandscapeRight";
				INFOPLIST_KEY_UISupportedInterfaceOrientations_iPhone = "UIInterfaceOrientationPortrait UIInterfaceOrientationLandscapeLeft UIInterfaceOrientationLandscapeRight";
				LD_RUNPATH_SEARCH_PATHS = (
					"$(inherited)",
					"@executable_path/Frameworks",
				);
				MARKETING_VERSION = 1.0;
				PRODUCT_BUNDLE_IDENTIFIER = none.Azer;
				PRODUCT_NAME = "$(TARGET_NAME)";
				SWIFT_EMIT_LOC_STRINGS = YES;
				SWIFT_VERSION = 5.0;
				TARGETED_DEVICE_FAMILY = "1,2";
			};
			name = Debug;
		};
		B8E78DAA2B09EA6000C9DACB /* Release */ = {
			isa = XCBuildConfiguration;
			buildSettings = {
				ASSETCATALOG_COMPILER_APPICON_NAME = AppIcon;
				ASSETCATALOG_COMPILER_GLOBAL_ACCENT_COLOR_NAME = AccentColor;
				CODE_SIGN_STYLE = Automatic;
				CURRENT_PROJECT_VERSION = 1;
				DEVELOPMENT_ASSET_PATHS = "\"Azer/Preview Content\"";
				ENABLE_PREVIEWS = YES;
				GENERATE_INFOPLIST_FILE = YES;
				INFOPLIST_KEY_UIApplicationSceneManifest_Generation = YES;
				INFOPLIST_KEY_UIApplicationSupportsIndirectInputEvents = YES;
				INFOPLIST_KEY_UILaunchScreen_Generation = YES;
				INFOPLIST_KEY_UISupportedInterfaceOrientations_iPad = "UIInterfaceOrientationPortrait UIInterfaceOrientationPortraitUpsideDown UIInterfaceOrientationLandscapeLeft UIInterfaceOrientationLandscapeRight";
				INFOPLIST_KEY_UISupportedInterfaceOrientations_iPhone = "UIInterfaceOrientationPortrait UIInterfaceOrientationLandscapeLeft UIInterfaceOrientationLandscapeRight";
				LD_RUNPATH_SEARCH_PATHS = (
					"$(inherited)",
					"@executable_path/Frameworks",
				);
				MARKETING_VERSION = 1.0;
				PRODUCT_BUNDLE_IDENTIFIER = none.Azer;
				PRODUCT_NAME = "$(TARGET_NAME)";
				SWIFT_EMIT_LOC_STRINGS = YES;
				SWIFT_VERSION = 5.0;
				TARGETED_DEVICE_FAMILY = "1,2";
			};
			name = Release;
		};
/* End XCBuildConfiguration section */

/* Begin XCConfigurationList section */
		B8E78D952B09EA5F00C9DACB /* Build configuration list for PBXProject "Azer" */ = {
			isa = XCConfigurationList;
			buildConfigurations = (
				B8E78DA62B09EA6000C9DACB /* Debug */,
				B8E78DA72B09EA6000C9DACB /* Release */,
			);
			defaultConfigurationIsVisible = 0;
			defaultConfigurationName = Release;
		};
		B8E78DA82B09EA6000C9DACB /* Build configuration list for PBXNativeTarget "Azer" */ = {
			isa = XCConfigurationList;
			buildConfigurations = (
				B8E78DA92B09EA6000C9DACB /* Debug */,
				B8E78DAA2B09EA6000C9DACB /* Release */,
			);
			defaultConfigurationIsVisible = 0;
			defaultConfigurationName = Release;
		};
/* End XCConfigurationList section */
	};
	rootObject = B8E78D922B09EA5F00C9DACB /* Project object */;
}
